
Microsoft Visual Studio Solution File, Format Version 12.00
# Visual Studio Version 16
VisualStudioVersion = 16.0.31515.178
MinimumVisualStudioVersion = 10.0.40219.1
Project("{FAE04EC0-301F-11D3-BF4B-00C04F79EFBC}") = "BARCODE_CREATOR", "BARCODE_CREATOR.csproj", "{9F719B38-CCDC-4001-8F35-EA7BD816FADD}"
EndProject
Global
	GlobalSection(SolutionConfigurationPlatforms) = preSolution
		Debug|Any CPU = Debug|Any CPU
		Release|Any CPU = Release|Any CPU
	EndGlobalSection
	GlobalSection(ProjectConfigurationPlatforms) = postSolution
		{9F719B38-CCDC-4001-8F35-EA7BD816FADD}.Debug|Any CPU.ActiveCfg = Debug|Any CPU
		{9F719B38-CCDC-4001-8F35-EA7BD816FADD}.Debug|Any CPU.Build.0 = Debug|Any CPU
		{9F719B38-CCDC-4001-8F35-EA7BD816FADD}.Release|Any CPU.ActiveCfg = Release|Any CPU
		{9F719B38-CCDC-4001-8F35-EA7BD816FADD}.Release|Any CPU.Build.0 = Release|Any CPU
	EndGlobalSection
	GlobalSection(SolutionProperties) = preSolution
		HideSolutionNode = FALSE
	EndGlobalSection
	GlobalSection(ExtensibilityGlobals) = postSolution
		SolutionGuid = {DB3E1678-966C-4E86-BF98-D26C096D84D7}
	EndGlobalSection
EndGlobal
